// !$*UTF8*$!
{
	archiveVersion = 1;
	classes = {
	};
	objectVersion = 56;
	objects = {

/* Begin PBXBuildFile section */
		B31A19B22C131739005EC042 /* EditDestinationView.swift in Sources */ = {isa = PBXBuildFile; fileRef = B31A19B12C131739005EC042 /* EditDestinationView.swift */; };
		B38C98DB2C11D2EB00D6232B /* iTourApp.swift in Sources */ = {isa = PBXBuildFile; fileRef = B38C98DA2C11D2EB00D6232B /* iTourApp.swift */; };
		B38C98DD2C11D2EB00D6232B /* ContentView.swift in Sources */ = {isa = PBXBuildFile; fileRef = B38C98DC2C11D2EB00D6232B /* ContentView.swift */; };
		B38C98DF2C11D2EC00D6232B /* Assets.xcassets in Resources */ = {isa = PBXBuildFile; fileRef = B38C98DE2C11D2EC00D6232B /* Assets.xcassets */; };
		B38C98E22C11D2EC00D6232B /* Preview Assets.xcassets in Resources */ = {isa = PBXBuildFile; fileRef = B38C98E12C11D2EC00D6232B /* Preview Assets.xcassets */; };
		B38C98E92C11D4F100D6232B /* Destination.swift in Sources */ = {isa = PBXBuildFile; fileRef = B38C98E82C11D4F100D6232B /* Destination.swift */; };
		B393F2CF2C19A3B2001D2660 /* DestinationListingView.swift in Sources */ = {isa = PBXBuildFile; fileRef = B393F2CE2C19A3B2001D2660 /* DestinationListingView.swift */; };
		B393F2D12C19B24C001D2660 /* Sight.swift in Sources */ = {isa = PBXBuildFile; fileRef = B393F2D02C19B24B001D2660 /* Sight.swift */; };
/* End PBXBuildFile section */

/* Begin PBXFileReference section */
		B31A19B12C131739005EC042 /* EditDestinationView.swift */ = {isa = PBXFileReference; lastKnownFileType = sourcecode.swift; path = EditDestinationView.swift; sourceTree = "<group>"; };
		B38C98D72C11D2EB00D6232B /* iTour.app */ = {isa = PBXFileReference; explicitFileType = wrapper.application; includeInIndex = 0; path = iTour.app; sourceTree = BUILT_PRODUCTS_DIR; };
		B38C98DA2C11D2EB00D6232B /* iTourApp.swift */ = {isa = PBXFileReference; lastKnownFileType = sourcecode.swift; path = iTourApp.swift; sourceTree = "<group>"; };
		B38C98DC2C11D2EB00D6232B /* ContentView.swift */ = {isa = PBXFileReference; lastKnownFileType = sourcecode.swift; path = ContentView.swift; sourceTree = "<group>"; };
		B38C98DE2C11D2EC00D6232B /* Assets.xcassets */ = {isa = PBXFileReference; lastKnownFileType = folder.assetcatalog; path = Assets.xcassets; sourceTree = "<group>"; };
		B38C98E12C11D2EC00D6232B /* Preview Assets.xcassets */ = {isa = PBXFileReference; lastKnownFileType = folder.assetcatalog; path = "Preview Assets.xcassets"; sourceTree = "<group>"; };
		B38C98E82C11D4F100D6232B /* Destination.swift */ = {isa = PBXFileReference; lastKnownFileType = sourcecode.swift; path = Destination.swift; sourceTree = "<group>"; };
		B393F2CE2C19A3B2001D2660 /* DestinationListingView.swift */ = {isa = PBXFileReference; lastKnownFileType = sourcecode.swift; path = DestinationListingView.swift; sourceTree = "<group>"; };
		B393F2D02C19B24B001D2660 /* Sight.swift */ = {isa = PBXFileReference; lastKnownFileType = sourcecode.swift; path = Sight.swift; sourceTree = "<group>"; };
/* End PBXFileReference section */

/* Begin PBXFrameworksBuildPhase section */
		B38C98D42C11D2EB00D6232B /* Frameworks */ = {
			isa = PBXFrameworksBuildPhase;
			buildActionMask = 2147483647;
			files = (
			);
			runOnlyForDeploymentPostprocessing = 0;
		};
/* End PBXFrameworksBuildPhase section */

/* Begin PBXGroup section */
		B38C98CE2C11D2EB00D6232B = {
			isa = PBXGroup;
			children = (
				B38C98D92C11D2EB00D6232B /* iTour */,
				B38C98D82C11D2EB00D6232B /* Products */,
			);
			sourceTree = "<group>";
		};
		B38C98D82C11D2EB00D6232B /* Products */ = {
			isa = PBXGroup;
			children = (
				B38C98D72C11D2EB00D6232B /* iTour.app */,
			);
			name = Products;
			sourceTree = "<group>";
		};
		B38C98D92C11D2EB00D6232B /* iTour */ = {
			isa = PBXGroup;
			children = (
				B38C98DA2C11D2EB00D6232B /* iTourApp.swift */,
				B38C98DC2C11D2EB00D6232B /* ContentView.swift */,
				B393F2CE2C19A3B2001D2660 /* DestinationListingView.swift */,
				B393F2D02C19B24B001D2660 /* Sight.swift */,
				B31A19B12C131739005EC042 /* EditDestinationView.swift */,
				B38C98E82C11D4F100D6232B /* Destination.swift */,
				B38C98DE2C11D2EC00D6232B /* Assets.xcassets */,
				B38C98E02C11D2EC00D6232B /* Preview Content */,
			);
			path = iTour;
			sourceTree = "<group>";
		};
		B38C98E02C11D2EC00D6232B /* Preview Content */ = {
			isa = PBXGroup;
			children = (
				B38C98E12C11D2EC00D6232B /* Preview Assets.xcassets */,
			);
			path = "Preview Content";
			sourceTree = "<group>";
		};
/* End PBXGroup section */

/* Begin PBXNativeTarget section */
		B38C98D62C11D2EB00D6232B /* iTour */ = {
			isa = PBXNativeTarget;
			buildConfigurationList = B38C98E52C11D2EC00D6232B /* Build configuration list for PBXNativeTarget "iTour" */;
			buildPhases = (
				B38C98D32C11D2EB00D6232B /* Sources */,
				B38C98D42C11D2EB00D6232B /* Frameworks */,
				B38C98D52C11D2EB00D6232B /* Resources */,
			);
			buildRules = (
			);
			dependencies = (
			);
			name = iTour;
			productName = iTour;
			productReference = B38C98D72C11D2EB00D6232B /* iTour.app */;
			productType = "com.apple.product-type.application";
		};
/* End PBXNativeTarget section */

/* Begin PBXProject section */
		B38C98CF2C11D2EB00D6232B /* Project object */ = {
			isa = PBXProject;
			attributes = {
				BuildIndependentTargetsInParallel = 1;
				LastSwiftUpdateCheck = 1540;
				LastUpgradeCheck = 1540;
				TargetAttributes = {
					B38C98D62C11D2EB00D6232B = {
						CreatedOnToolsVersion = 15.4;
					};
				};
			};
			buildConfigurationList = B38C98D22C11D2EB00D6232B /* Build configuration list for PBXProject "iTour" */;
			compatibilityVersion = "Xcode 14.0";
			developmentRegion = en;
			hasScannedForEncodings = 0;
			knownRegions = (
				en,
				Base,
			);
			mainGroup = B38C98CE2C11D2EB00D6232B;
			productRefGroup = B38C98D82C11D2EB00D6232B /* Products */;
			projectDirPath = "";
			projectRoot = "";
			targets = (
				B38C98D62C11D2EB00D6232B /* iTour */,
			);
		};
/* End PBXProject section */

/* Begin PBXResourcesBuildPhase section */
		B38C98D52C11D2EB00D6232B /* Resources */ = {
			isa = PBXResourcesBuildPhase;
			buildActionMask = 2147483647;
			files = (
				B38C98E22C11D2EC00D6232B /* Preview Assets.xcassets in Resources */,
				B38C98DF2C11D2EC00D6232B /* Assets.xcassets in Resources */,
			);
			runOnlyForDeploymentPostprocessing = 0;
		};
/* End PBXResourcesBuildPhase section */

/* Begin PBXSourcesBuildPhase section */
		B38C98D32C11D2EB00D6232B /* Sources */ = {
			isa = PBXSourcesBuildPhase;
			buildActionMask = 2147483647;
			files = (
				B38C98DD2C11D2EB00D6232B /* ContentView.swift in Sources */,
				B38C98DB2C11D2EB00D6232B /* iTourApp.swift in Sources */,
				B38C98E92C11D4F100D6232B /* Destination.swift in Sources */,
				B393F2D12C19B24C001D2660 /* Sight.swift in Sources */,
				B31A19B22C131739005EC042 /* EditDestinationView.swift in Sources */,
				B393F2CF2C19A3B2001D2660 /* DestinationListingView.swift in Sources */,
			);
			runOnlyForDeploymentPostprocessing = 0;
		};
/* End PBXSourcesBuildPhase section */

/* Begin XCBuildConfiguration section */
		B38C98E32C11D2EC00D6232B /* Debug */ = {
			isa = XCBuildConfiguration;
			buildSettings = {
				ALWAYS_SEARCH_USER_PATHS = NO;
				ASSETCATALOG_COMPILER_GENERATE_SWIFT_ASSET_SYMBOL_EXTENSIONS = YES;
				CLANG_ANALYZER_NONNULL = YES;
				CLANG_ANALYZER_NUMBER_OBJECT_CONVERSION = YES_AGGRESSIVE;
				CLANG_CXX_LANGUAGE_STANDARD = "gnu++20";
				CLANG_ENABLE_MODULES = YES;
				CLANG_ENABLE_OBJC_ARC = YES;
				CLANG_ENABLE_OBJC_WEAK = YES;
				CLANG_WARN_BLOCK_CAPTURE_AUTORELEASING = YES;
				CLANG_WARN_BOOL_CONVERSION = YES;
				CLANG_WARN_COMMA = YES;
				CLANG_WARN_CONSTANT_CONVERSION = YES;
				CLANG_WARN_DEPRECATED_OBJC_IMPLEMENTATIONS = YES;
				CLANG_WARN_DIRECT_OBJC_ISA_USAGE = YES_ERROR;
				CLANG_WARN_DOCUMENTATION_COMMENTS = YES;
				CLANG_WARN_EMPTY_BODY = YES;
				CLANG_WARN_ENUM_CONVERSION = YES;
				CLANG_WARN_INFINITE_RECURSION = YES;
				CLANG_WARN_INT_CONVERSION = YES;
				CLANG_WARN_NON_LITERAL_NULL_CONVERSION = YES;
				CLANG_WARN_OBJC_IMPLICIT_RETAIN_SELF = YES;
				CLANG_WARN_OBJC_LITERAL_CONVERSION = YES;
				CLANG_WARN_OBJC_ROOT_CLASS = YES_ERROR;
				CLANG_WARN_QUOTED_INCLUDE_IN_FRAMEWORK_HEADER = YES;
				CLANG_WARN_RANGE_LOOP_ANALYSIS = YES;
				CLANG_WARN_STRICT_PROTOTYPES = YES;
				CLANG_WARN_SUSPICIOUS_MOVE = YES;
				CLANG_WARN_UNGUARDED_AVAILABILITY = YES_AGGRESSIVE;
				CLANG_WARN_UNREACHABLE_CODE = YES;
				CLANG_WARN__DUPLICATE_METHOD_MATCH = YES;
				COPY_PHASE_STRIP = NO;
				DEBUG_INFORMATION_FORMAT = dwarf;
				ENABLE_STRICT_OBJC_MSGSEND = YES;
				ENABLE_TESTABILITY = YES;
				ENABLE_USER_SCRIPT_SANDBOXING = YES;
				GCC_C_LANGUAGE_STANDARD = gnu17;
				GCC_DYNAMIC_NO_PIC = NO;
				GCC_NO_COMMON_BLOCKS = YES;
				GCC_OPTIMIZATION_LEVEL = 0;
				GCC_PREPROCESSOR_DEFINITIONS = (
					"DEBUG=1",
					"$(inherited)",
				);
				GCC_WARN_64_TO_32_BIT_CONVERSION = YES;
				GCC_WARN_ABOUT_RETURN_TYPE = YES_ERROR;
				GCC_WARN_UNDECLARED_SELECTOR = YES;
				GCC_WARN_UNINITIALIZED_AUTOS = YES_AGGRESSIVE;
				GCC_WARN_UNUSED_FUNCTION = YES;
				GCC_WARN_UNUSED_VARIABLE = YES;
				IPHONEOS_DEPLOYMENT_TARGET = 17.5;
				LOCALIZATION_PREFERS_STRING_CATALOGS = YES;
				MTL_ENABLE_DEBUG_INFO = INCLUDE_SOURCE;
				MTL_FAST_MATH = YES;
				ONLY_ACTIVE_ARCH = YES;
				SDKROOT = iphoneos;
				SWIFT_ACTIVE_COMPILATION_CONDITIONS = "DEBUG $(inherited)";
				SWIFT_OPTIMIZATION_LEVEL = "-Onone";
			};
			name = Debug;
		};
		B38C98E42C11D2EC00D6232B /* Release */ = {
			isa = XCBuildConfiguration;
			buildSettings = {
				ALWAYS_SEARCH_USER_PATHS = NO;
				ASSETCATALOG_COMPILER_GENERATE_SWIFT_ASSET_SYMBOL_EXTENSIONS = YES;
				CLANG_ANALYZER_NONNULL = YES;
				CLANG_ANALYZER_NUMBER_OBJECT_CONVERSION = YES_AGGRESSIVE;
				CLANG_CXX_LANGUAGE_STANDARD = "gnu++20";
				CLANG_ENABLE_MODULES = YES;
				CLANG_ENABLE_OBJC_ARC = YES;
				CLANG_ENABLE_OBJC_WEAK = YES;
				CLANG_WARN_BLOCK_CAPTURE_AUTORELEASING = YES;
				CLANG_WARN_BOOL_CONVERSION = YES;
				CLANG_WARN_COMMA = YES;
				CLANG_WARN_CONSTANT_CONVERSION = YES;
				CLANG_WARN_DEPRECATED_OBJC_IMPLEMENTATIONS = YES;
				CLANG_WARN_DIRECT_OBJC_ISA_USAGE = YES_ERROR;
				CLANG_WARN_DOCUMENTATION_COMMENTS = YES;
				CLANG_WARN_EMPTY_BODY = YES;
				CLANG_WARN_ENUM_CONVERSION = YES;
				CLANG_WARN_INFINITE_RECURSION = YES;
				CLANG_WARN_INT_CONVERSION = YES;
				CLANG_WARN_NON_LITERAL_NULL_CONVERSION = YES;
				CLANG_WARN_OBJC_IMPLICIT_RETAIN_SELF = YES;
				CLANG_WARN_OBJC_LITERAL_CONVERSION = YES;
				CLANG_WARN_OBJC_ROOT_CLASS = YES_ERROR;
				CLANG_WARN_QUOTED_INCLUDE_IN_FRAMEWORK_HEADER = YES;
				CLANG_WARN_RANGE_LOOP_ANALYSIS = YES;
				CLANG_WARN_STRICT_PROTOTYPES = YES;
				CLANG_WARN_SUSPICIOUS_MOVE = YES;
				CLANG_WARN_UNGUARDED_AVAILABILITY = YES_AGGRESSIVE;
				CLANG_WARN_UNREACHABLE_CODE = YES;
				CLANG_WARN__DUPLICATE_METHOD_MATCH = YES;
				COPY_PHASE_STRIP = NO;
				DEBUG_INFORMATION_FORMAT = "dwarf-with-dsym";
				ENABLE_NS_ASSERTIONS = NO;
				ENABLE_STRICT_OBJC_MSGSEND = YES;
				ENABLE_USER_SCRIPT_SANDBOXING = YES;
				GCC_C_LANGUAGE_STANDARD = gnu17;
				GCC_NO_COMMON_BLOCKS = YES;
				GCC_WARN_64_TO_32_BIT_CONVERSION = YES;
				GCC_WARN_ABOUT_RETURN_TYPE = YES_ERROR;
				GCC_WARN_UNDECLARED_SELECTOR = YES;
				GCC_WARN_UNINITIALIZED_AUTOS = YES_AGGRESSIVE;
				GCC_WARN_UNUSED_FUNCTION = YES;
				GCC_WARN_UNUSED_VARIABLE = YES;
				IPHONEOS_DEPLOYMENT_TARGET = 17.5;
				LOCALIZATION_PREFERS_STRING_CATALOGS = YES;
				MTL_ENABLE_DEBUG_INFO = NO;
				MTL_FAST_MATH = YES;
				SDKROOT = iphoneos;
				SWIFT_COMPILATION_MODE = wholemodule;
				VALIDATE_PRODUCT = YES;
			};
			name = Release;
		};
		B38C98E62C11D2EC00D6232B /* Debug */ = {
			isa = XCBuildConfiguration;
			buildSettings = {
				ASSETCATALOG_COMPILER_APPICON_NAME = AppIcon;
				ASSETCATALOG_COMPILER_GLOBAL_ACCENT_COLOR_NAME = AccentColor;
				CODE_SIGN_STYLE = Automatic;
				CURRENT_PROJECT_VERSION = 1;
				DEVELOPMENT_ASSET_PATHS = "\"iTour/Preview Content\"";
				DEVELOPMENT_TEAM = M4DL5JS387;
				ENABLE_PREVIEWS = YES;
				GENERATE_INFOPLIST_FILE = YES;
				INFOPLIST_KEY_UIApplicationSceneManifest_Generation = YES;
				INFOPLIST_KEY_UIApplicationSupportsIndirectInputEvents = YES;
				INFOPLIST_KEY_UILaunchScreen_Generation = YES;
				INFOPLIST_KEY_UISupportedInterfaceOrientations_iPad = "UIInterfaceOrientationPortrait UIInterfaceOrientationPortraitUpsideDown UIInterfaceOrientationLandscapeLeft UIInterfaceOrientationLandscapeRight";
				INFOPLIST_KEY_UISupportedInterfaceOrientations_iPhone = "UIInterfaceOrientationPortrait UIInterfaceOrientationLandscapeLeft UIInterfaceOrientationLandscapeRight";
				LD_RUNPATH_SEARCH_PATHS = (
					"$(inherited)",
					"@executable_path/Frameworks",
				);
				MARKETING_VERSION = 1.0;
				PRODUCT_BUNDLE_IDENTIFIER = me.barnett.leo.iTour;
				PRODUCT_NAME = "$(TARGET_NAME)";
				SWIFT_EMIT_LOC_STRINGS = YES;
				SWIFT_VERSION = 5.0;
				TARGETED_DEVICE_FAMILY = "1,2";
			};
			name = Debug;
		};
		B38C98E72C11D2EC00D6232B /* Release */ = {
			isa = XCBuildConfiguration;
			buildSettings = {
				ASSETCATALOG_COMPILER_APPICON_NAME = AppIcon;
				ASSETCATALOG_COMPILER_GLOBAL_ACCENT_COLOR_NAME = AccentColor;
				CODE_SIGN_STYLE = Automatic;
				CURRENT_PROJECT_VERSION = 1;
				DEVELOPMENT_ASSET_PATHS = "\"iTour/Preview Content\"";
				DEVELOPMENT_TEAM = M4DL5JS387;
				ENABLE_PREVIEWS = YES;
				GENERATE_INFOPLIST_FILE = YES;
				INFOPLIST_KEY_UIApplicationSceneManifest_Generation = YES;
				INFOPLIST_KEY_UIApplicationSupportsIndirectInputEvents = YES;
				INFOPLIST_KEY_UILaunchScreen_Generation = YES;
				INFOPLIST_KEY_UISupportedInterfaceOrientations_iPad = "UIInterfaceOrientationPortrait UIInterfaceOrientationPortraitUpsideDown UIInterfaceOrientationLandscapeLeft UIInterfaceOrientationLandscapeRight";
				INFOPLIST_KEY_UISupportedInterfaceOrientations_iPhone = "UIInterfaceOrientationPortrait UIInterfaceOrientationLandscapeLeft UIInterfaceOrientationLandscapeRight";
				LD_RUNPATH_SEARCH_PATHS = (
					"$(inherited)",
					"@executable_path/Frameworks",
				);
				MARKETING_VERSION = 1.0;
				PRODUCT_BUNDLE_IDENTIFIER = me.barnett.leo.iTour;
				PRODUCT_NAME = "$(TARGET_NAME)";
				SWIFT_EMIT_LOC_STRINGS = YES;
				SWIFT_VERSION = 5.0;
				TARGETED_DEVICE_FAMILY = "1,2";
			};
			name = Release;
		};
/* End XCBuildConfiguration section */

/* Begin XCConfigurationList section */
		B38C98D22C11D2EB00D6232B /* Build configuration list for PBXProject "iTour" */ = {
			isa = XCConfigurationList;
			buildConfigurations = (
				B38C98E32C11D2EC00D6232B /* Debug */,
				B38C98E42C11D2EC00D6232B /* Release */,
			);
			defaultConfigurationIsVisible = 0;
			defaultConfigurationName = Release;
		};
		B38C98E52C11D2EC00D6232B /* Build configuration list for PBXNativeTarget "iTour" */ = {
			isa = XCConfigurationList;
			buildConfigurations = (
				B38C98E62C11D2EC00D6232B /* Debug */,
				B38C98E72C11D2EC00D6232B /* Release */,
			);
			defaultConfigurationIsVisible = 0;
			defaultConfigurationName = Release;
		};
/* End XCConfigurationList section */
	};
	rootObject = B38C98CF2C11D2EB00D6232B /* Project object */;
}
